
Microsoft Visual Studio Solution File, Format Version 12.00
# Visual Studio Version 17
VisualStudioVersion = 17.9.34728.123
MinimumVisualStudioVersion = 10.0.40219.1
Project("{FAE04EC0-301F-11D3-BF4B-00C04F79EFBC}") = "MVCDemo", "MVCDemo.csproj", "{CE2C205B-85F1-46A6-BD0C-2FFA70AB6887}"
EndProject
Project("{FAE04EC0-301F-11D3-BF4B-00C04F79EFBC}") = "MVCDemo.Data", "..\MVCDemo.Data\MVCDemo.Data.csproj", "{BEF20BFC-7649-4B40-B63E-5CA501D77AC7}"
EndProject
Global
	GlobalSection(SolutionConfigurationPlatforms) = preSolution
		Debug|Any CPU = Debug|Any CPU
		Release|Any CPU = Release|Any CPU
	EndGlobalSection
	GlobalSection(ProjectConfigurationPlatforms) = postSolution
		{CE2C205B-85F1-46A6-BD0C-2FFA70AB6887}.Debug|Any CPU.ActiveCfg = Debug|Any CPU
		{CE2C205B-85F1-46A6-BD0C-2FFA70AB6887}.Debug|Any CPU.Build.0 = Debug|Any CPU
		{CE2C205B-85F1-46A6-BD0C-2FFA70AB6887}.Release|Any CPU.ActiveCfg = Release|Any CPU
		{CE2C205B-85F1-46A6-BD0C-2FFA70AB6887}.Release|Any CPU.Build.0 = Release|Any CPU
		{BEF20BFC-7649-4B40-B63E-5CA501D77AC7}.Debug|Any CPU.ActiveCfg = Debug|Any CPU
		{BEF20BFC-7649-4B40-B63E-5CA501D77AC7}.Debug|Any CPU.Build.0 = Debug|Any CPU
		{BEF20BFC-7649-4B40-B63E-5CA501D77AC7}.Release|Any CPU.ActiveCfg = Release|Any CPU
		{BEF20BFC-7649-4B40-B63E-5CA501D77AC7}.Release|Any CPU.Build.0 = Release|Any CPU
	EndGlobalSection
	GlobalSection(SolutionProperties) = preSolution
		HideSolutionNode = FALSE
	EndGlobalSection
	GlobalSection(ExtensibilityGlobals) = postSolution
		SolutionGuid = {7AD37B61-B3AB-4765-80CB-9BB938F11A05}
	EndGlobalSection
EndGlobal
